
Microsoft Visual Studio Solution File, Format Version 12.00
# Visual Studio Version 17
VisualStudioVersion = 17.0.32112.339
MinimumVisualStudioVersion = 10.0.40219.1
Project("{9A19103F-16F7-4668-BE54-9A1E7A4F7556}") = "CDPModule1.Server", "Server\CDPModule1.Server.csproj", "{3BAE5214-CC92-4B26-A916-5BD2B5262308}"
EndProject
Project("{9A19103F-16F7-4668-BE54-9A1E7A4F7556}") = "CDPModule1.Client", "Client\CDPModule1.Client.csproj", "{8AC6BE92-DD0B-40B0-BD7D-C529D40C4BA5}"
EndProject
Project("{9A19103F-16F7-4668-BE54-9A1E7A4F7556}") = "CDPModule1.Shared", "Shared\CDPModule1.Shared.csproj", "{CE2B1648-B3A5-40F9-B773-B12CFE7AC5D3}"
EndProject
Global
	GlobalSection(SolutionConfigurationPlatforms) = preSolution
		Debug|Any CPU = Debug|Any CPU
		Release|Any CPU = Release|Any CPU
	EndGlobalSection
	GlobalSection(ProjectConfigurationPlatforms) = postSolution
		{3BAE5214-CC92-4B26-A916-5BD2B5262308}.Debug|Any CPU.ActiveCfg = Debug|Any CPU
		{3BAE5214-CC92-4B26-A916-5BD2B5262308}.Debug|Any CPU.Build.0 = Debug|Any CPU
		{3BAE5214-CC92-4B26-A916-5BD2B5262308}.Release|Any CPU.ActiveCfg = Release|Any CPU
		{3BAE5214-CC92-4B26-A916-5BD2B5262308}.Release|Any CPU.Build.0 = Release|Any CPU
		{8AC6BE92-DD0B-40B0-BD7D-C529D40C4BA5}.Debug|Any CPU.ActiveCfg = Debug|Any CPU
		{8AC6BE92-DD0B-40B0-BD7D-C529D40C4BA5}.Debug|Any CPU.Build.0 = Debug|Any CPU
		{8AC6BE92-DD0B-40B0-BD7D-C529D40C4BA5}.Release|Any CPU.ActiveCfg = Release|Any CPU
		{8AC6BE92-DD0B-40B0-BD7D-C529D40C4BA5}.Release|Any CPU.Build.0 = Release|Any CPU
		{CE2B1648-B3A5-40F9-B773-B12CFE7AC5D3}.Debug|Any CPU.ActiveCfg = Debug|Any CPU
		{CE2B1648-B3A5-40F9-B773-B12CFE7AC5D3}.Debug|Any CPU.Build.0 = Debug|Any CPU
		{CE2B1648-B3A5-40F9-B773-B12CFE7AC5D3}.Release|Any CPU.ActiveCfg = Release|Any CPU
		{CE2B1648-B3A5-40F9-B773-B12CFE7AC5D3}.Release|Any CPU.Build.0 = Release|Any CPU
	EndGlobalSection
	GlobalSection(SolutionProperties) = preSolution
		HideSolutionNode = FALSE
	EndGlobalSection
	GlobalSection(ExtensibilityGlobals) = postSolution
		SolutionGuid = {779A18FF-3543-4EB6-9865-BD6A0DF1127B}
	EndGlobalSection
EndGlobal
